
Microsoft Visual Studio Solution File, Format Version 12.00
# Visual Studio 15
VisualStudioVersion = 15.0.27703.2042
MinimumVisualStudioVersion = 10.0.40219.1
Project("{FAE04EC0-301F-11D3-BF4B-00C04F79EFBC}") = "MyBatis.Common", "MyBatis.Common\MyBatis.Common.csproj", "{0533920E-6E11-4690-BC00-9510366EFC27}"
EndProject
Global
	GlobalSection(SolutionConfigurationPlatforms) = preSolution
		Debug|Any CPU = Debug|Any CPU
		Release|Any CPU = Release|Any CPU
	EndGlobalSection
	GlobalSection(ProjectConfigurationPlatforms) = postSolution
		{0533920E-6E11-4690-BC00-9510366EFC27}.Debug|Any CPU.ActiveCfg = Debug|Any CPU
		{0533920E-6E11-4690-BC00-9510366EFC27}.Debug|Any CPU.Build.0 = Debug|Any CPU
		{0533920E-6E11-4690-BC00-9510366EFC27}.Release|Any CPU.ActiveCfg = Release|Any CPU
		{0533920E-6E11-4690-BC00-9510366EFC27}.Release|Any CPU.Build.0 = Release|Any CPU
	EndGlobalSection
	GlobalSection(SolutionProperties) = preSolution
		HideSolutionNode = FALSE
	EndGlobalSection
	GlobalSection(ExtensibilityGlobals) = postSolution
		SolutionGuid = {797EE9DC-732D-4398-9B7A-5806F60E7498}
	EndGlobalSection
EndGlobal
